// !$*UTF8*$!
{
	archiveVersion = 1;
	classes = {
	};
	objectVersion = 46;
	objects = {

/* Begin PBXBuildFile section */
		9C1286B61B4BA5CC008714B7 /* main.m in Sources */ = {isa = PBXBuildFile; fileRef = 9C1286B51B4BA5CC008714B7 /* main.m */; };
		9C1286B91B4BA5CC008714B7 /* AppDelegate.m in Sources */ = {isa = PBXBuildFile; fileRef = 9C1286B81B4BA5CC008714B7 /* AppDelegate.m */; };
		9C1286BC1B4BA5CC008714B7 /* ViewController.m in Sources */ = {isa = PBXBuildFile; fileRef = 9C1286BB1B4BA5CC008714B7 /* ViewController.m */; };
		9C1286BF1B4BA5CC008714B7 /* Main.storyboard in Resources */ = {isa = PBXBuildFile; fileRef = 9C1286BD1B4BA5CC008714B7 /* Main.storyboard */; };
		9C1286C11B4BA5CC008714B7 /* Images.xcassets in Resources */ = {isa = PBXBuildFile; fileRef = 9C1286C01B4BA5CC008714B7 /* Images.xcassets */; };
		9C1286C41B4BA5CC008714B7 /* LaunchScreen.xib in Resources */ = {isa = PBXBuildFile; fileRef = 9C1286C21B4BA5CC008714B7 /* LaunchScreen.xib */; };
		9C1286D01B4BA5CC008714B7 /* SXPictureCarouselTests.m in Sources */ = {isa = PBXBuildFile; fileRef = 9C1286CF1B4BA5CC008714B7 /* SXPictureCarouselTests.m */; };
		9C1287071B4BA649008714B7 /* MKAnnotationView+WebCache.m in Sources */ = {isa = PBXBuildFile; fileRef = 9C1286DC1B4BA649008714B7 /* MKAnnotationView+WebCache.m */; };
		9C1287081B4BA649008714B7 /* NSData+ImageContentType.m in Sources */ = {isa = PBXBuildFile; fileRef = 9C1286DE1B4BA649008714B7 /* NSData+ImageContentType.m */; };
		9C1287091B4BA649008714B7 /* SDImageCache.m in Sources */ = {isa = PBXBuildFile; fileRef = 9C1286E01B4BA649008714B7 /* SDImageCache.m */; };
		9C12870A1B4BA649008714B7 /* SDWebImageCompat.m in Sources */ = {isa = PBXBuildFile; fileRef = 9C1286E21B4BA649008714B7 /* SDWebImageCompat.m */; };
		9C12870B1B4BA649008714B7 /* SDWebImageDecoder.m in Sources */ = {isa = PBXBuildFile; fileRef = 9C1286E41B4BA649008714B7 /* SDWebImageDecoder.m */; };
		9C12870C1B4BA649008714B7 /* SDWebImageDownloader.m in Sources */ = {isa = PBXBuildFile; fileRef = 9C1286E61B4BA649008714B7 /* SDWebImageDownloader.m */; };
		9C12870D1B4BA649008714B7 /* SDWebImageDownloaderOperation.m in Sources */ = {isa = PBXBuildFile; fileRef = 9C1286E81B4BA649008714B7 /* SDWebImageDownloaderOperation.m */; };
		9C12870E1B4BA649008714B7 /* SDWebImageManager.m in Sources */ = {isa = PBXBuildFile; fileRef = 9C1286EA1B4BA649008714B7 /* SDWebImageManager.m */; };
		9C12870F1B4BA649008714B7 /* SDWebImagePrefetcher.m in Sources */ = {isa = PBXBuildFile; fileRef = 9C1286ED1B4BA649008714B7 /* SDWebImagePrefetcher.m */; };
		9C1287101B4BA649008714B7 /* UIButton+WebCache.m in Sources */ = {isa = PBXBuildFile; fileRef = 9C1286EF1B4BA649008714B7 /* UIButton+WebCache.m */; };
		9C1287111B4BA649008714B7 /* UIImage+GIF.m in Sources */ = {isa = PBXBuildFile; fileRef = 9C1286F11B4BA649008714B7 /* UIImage+GIF.m */; };
		9C1287121B4BA649008714B7 /* UIImage+MultiFormat.m in Sources */ = {isa = PBXBuildFile; fileRef = 9C1286F31B4BA649008714B7 /* UIImage+MultiFormat.m */; };
		9C1287131B4BA649008714B7 /* UIImage+WebP.m in Sources */ = {isa = PBXBuildFile; fileRef = 9C1286F51B4BA649008714B7 /* UIImage+WebP.m */; };
		9C1287141B4BA649008714B7 /* UIImageView+HighlightedWebCache.m in Sources */ = {isa = PBXBuildFile; fileRef = 9C1286F71B4BA649008714B7 /* UIImageView+HighlightedWebCache.m */; };
		9C1287151B4BA649008714B7 /* UIImageView+WebCache.m in Sources */ = {isa = PBXBuildFile; fileRef = 9C1286F91B4BA649008714B7 /* UIImageView+WebCache.m */; };
		9C1287161B4BA649008714B7 /* UIView+WebCacheOperation.m in Sources */ = {isa = PBXBuildFile; fileRef = 9C1286FB1B4BA649008714B7 /* UIView+WebCacheOperation.m */; };
		9C1287171B4BA649008714B7 /* UIImageView+Extension.m in Sources */ = {isa = PBXBuildFile; fileRef = 9C1286FF1B4BA649008714B7 /* UIImageView+Extension.m */; };
		9C1287181B4BA649008714B7 /* SXPictureCarousel.m in Sources */ = {isa = PBXBuildFile; fileRef = 9C1287011B4BA649008714B7 /* SXPictureCarousel.m */; };
		9C1287191B4BA649008714B7 /* SXPictureCarouselView.m in Sources */ = {isa = PBXBuildFile; fileRef = 9C1287031B4BA649008714B7 /* SXPictureCarouselView.m */; };
		9C12871A1B4BA649008714B7 /* SXPictureCarouselViewCell.m in Sources */ = {isa = PBXBuildFile; fileRef = 9C1287051B4BA649008714B7 /* SXPictureCarouselViewCell.m */; };
		9C12871B1B4BA649008714B7 /* SXPictureCarouselViewCell.xib in Resources */ = {isa = PBXBuildFile; fileRef = 9C1287061B4BA649008714B7 /* SXPictureCarouselViewCell.xib */; };
/* End PBXBuildFile section */

/* Begin PBXContainerItemProxy section */
		9C1286CA1B4BA5CC008714B7 /* PBXContainerItemProxy */ = {
			isa = PBXContainerItemProxy;
			containerPortal = 9C1286A81B4BA5CC008714B7 /* Project object */;
			proxyType = 1;
			remoteGlobalIDString = 9C1286AF1B4BA5CC008714B7;
			remoteInfo = SXPictureCarousel;
		};
/* End PBXContainerItemProxy section */

/* Begin PBXFileReference section */
		9C1286B01B4BA5CC008714B7 /* SXPictureCarousel.app */ = {isa = PBXFileReference; explicitFileType = wrapper.application; includeInIndex = 0; path = SXPictureCarousel.app; sourceTree = BUILT_PRODUCTS_DIR; };
		9C1286B41B4BA5CC008714B7 /* Info.plist */ = {isa = PBXFileReference; lastKnownFileType = text.plist.xml; path = Info.plist; sourceTree = "<group>"; };
		9C1286B51B4BA5CC008714B7 /* main.m */ = {isa = PBXFileReference; lastKnownFileType = sourcecode.c.objc; path = main.m; sourceTree = "<group>"; };
		9C1286B71B4BA5CC008714B7 /* AppDelegate.h */ = {isa = PBXFileReference; lastKnownFileType = sourcecode.c.h; path = AppDelegate.h; sourceTree = "<group>"; };
		9C1286B81B4BA5CC008714B7 /* AppDelegate.m */ = {isa = PBXFileReference; lastKnownFileType = sourcecode.c.objc; path = AppDelegate.m; sourceTree = "<group>"; };
		9C1286BA1B4BA5CC008714B7 /* ViewController.h */ = {isa = PBXFileReference; lastKnownFileType = sourcecode.c.h; path = ViewController.h; sourceTree = "<group>"; };
		9C1286BB1B4BA5CC008714B7 /* ViewController.m */ = {isa = PBXFileReference; lastKnownFileType = sourcecode.c.objc; path = ViewController.m; sourceTree = "<group>"; };
		9C1286BE1B4BA5CC008714B7 /* Base */ = {isa = PBXFileReference; lastKnownFileType = file.storyboard; name = Base; path = Base.lproj/Main.storyboard; sourceTree = "<group>"; };
		9C1286C01B4BA5CC008714B7 /* Images.xcassets */ = {isa = PBXFileReference; lastKnownFileType = folder.assetcatalog; path = Images.xcassets; sourceTree = "<group>"; };
		9C1286C31B4BA5CC008714B7 /* Base */ = {isa = PBXFileReference; lastKnownFileType = file.xib; name = Base; path = Base.lproj/LaunchScreen.xib; sourceTree = "<group>"; };
		9C1286C91B4BA5CC008714B7 /* SXPictureCarouselTests.xctest */ = {isa = PBXFileReference; explicitFileType = wrapper.cfbundle; includeInIndex = 0; path = SXPictureCarouselTests.xctest; sourceTree = BUILT_PRODUCTS_DIR; };
		9C1286CE1B4BA5CC008714B7 /* Info.plist */ = {isa = PBXFileReference; lastKnownFileType = text.plist.xml; path = Info.plist; sourceTree = "<group>"; };
		9C1286CF1B4BA5CC008714B7 /* SXPictureCarouselTests.m */ = {isa = PBXFileReference; lastKnownFileType = sourcecode.c.objc; path = SXPictureCarouselTests.m; sourceTree = "<group>"; };
		9C1286DB1B4BA649008714B7 /* MKAnnotationView+WebCache.h */ = {isa = PBXFileReference; fileEncoding = 4; lastKnownFileType = sourcecode.c.h; path = "MKAnnotationView+WebCache.h"; sourceTree = "<group>"; };
		9C1286DC1B4BA649008714B7 /* MKAnnotationView+WebCache.m */ = {isa = PBXFileReference; fileEncoding = 4; lastKnownFileType = sourcecode.c.objc; path = "MKAnnotationView+WebCache.m"; sourceTree = "<group>"; };
		9C1286DD1B4BA649008714B7 /* NSData+ImageContentType.h */ = {isa = PBXFileReference; fileEncoding = 4; lastKnownFileType = sourcecode.c.h; path = "NSData+ImageContentType.h"; sourceTree = "<group>"; };
		9C1286DE1B4BA649008714B7 /* NSData+ImageContentType.m */ = {isa = PBXFileReference; fileEncoding = 4; lastKnownFileType = sourcecode.c.objc; path = "NSData+ImageContentType.m"; sourceTree = "<group>"; };
		9C1286DF1B4BA649008714B7 /* SDImageCache.h */ = {isa = PBXFileReference; fileEncoding = 4; lastKnownFileType = sourcecode.c.h; path = SDImageCache.h; sourceTree = "<group>"; };
		9C1286E01B4BA649008714B7 /* SDImageCache.m */ = {isa = PBXFileReference; fileEncoding = 4; lastKnownFileType = sourcecode.c.objc; path = SDImageCache.m; sourceTree = "<group>"; };
		9C1286E11B4BA649008714B7 /* SDWebImageCompat.h */ = {isa = PBXFileReference; fileEncoding = 4; lastKnownFileType = sourcecode.c.h; path = SDWebImageCompat.h; sourceTree = "<group>"; };
		9C1286E21B4BA649008714B7 /* SDWebImageCompat.m */ = {isa = PBXFileReference; fileEncoding = 4; lastKnownFileType = sourcecode.c.objc; path = SDWebImageCompat.m; sourceTree = "<group>"; };
		9C1286E31B4BA649008714B7 /* SDWebImageDecoder.h */ = {isa = PBXFileReference; fileEncoding = 4; lastKnownFileType = sourcecode.c.h; path = SDWebImageDecoder.h; sourceTree = "<group>"; };
		9C1286E41B4BA649008714B7 /* SDWebImageDecoder.m */ = {isa = PBXFileReference; fileEncoding = 4; lastKnownFileType = sourcecode.c.objc; path = SDWebImageDecoder.m; sourceTree = "<group>"; };
		9C1286E51B4BA649008714B7 /* SDWebImageDownloader.h */ = {isa = PBXFileReference; fileEncoding = 4; lastKnownFileType = sourcecode.c.h; path = SDWebImageDownloader.h; sourceTree = "<group>"; };
		9C1286E61B4BA649008714B7 /* SDWebImageDownloader.m */ = {isa = PBXFileReference; fileEncoding = 4; lastKnownFileType = sourcecode.c.objc; path = SDWebImageDownloader.m; sourceTree = "<group>"; };
		9C1286E71B4BA649008714B7 /* SDWebImageDownloaderOperation.h */ = {isa = PBXFileReference; fileEncoding = 4; lastKnownFileType = sourcecode.c.h; path = SDWebImageDownloaderOperation.h; sourceTree = "<group>"; };
		9C1286E81B4BA649008714B7 /* SDWebImageDownloaderOperation.m */ = {isa = PBXFileReference; fileEncoding = 4; lastKnownFileType = sourcecode.c.objc; path = SDWebImageDownloaderOperation.m; sourceTree = "<group>"; };
		9C1286E91B4BA649008714B7 /* SDWebImageManager.h */ = {isa = PBXFileReference; fileEncoding = 4; lastKnownFileType = sourcecode.c.h; path = SDWebImageManager.h; sourceTree = "<group>"; };
		9C1286EA1B4BA649008714B7 /* SDWebImageManager.m */ = {isa = PBXFileReference; fileEncoding = 4; lastKnownFileType = sourcecode.c.objc; path = SDWebImageManager.m; sourceTree = "<group>"; };
		9C1286EB1B4BA649008714B7 /* SDWebImageOperation.h */ = {isa = PBXFileReference; fileEncoding = 4; lastKnownFileType = sourcecode.c.h; path = SDWebImageOperation.h; sourceTree = "<group>"; };
		9C1286EC1B4BA649008714B7 /* SDWebImagePrefetcher.h */ = {isa = PBXFileReference; fileEncoding = 4; lastKnownFileType = sourcecode.c.h; path = SDWebImagePrefetcher.h; sourceTree = "<group>"; };
		9C1286ED1B4BA649008714B7 /* SDWebImagePrefetcher.m */ = {isa = PBXFileReference; fileEncoding = 4; lastKnownFileType = sourcecode.c.objc; path = SDWebImagePrefetcher.m; sourceTree = "<group>"; };
		9C1286EE1B4BA649008714B7 /* UIButton+WebCache.h */ = {isa = PBXFileReference; fileEncoding = 4; lastKnownFileType = sourcecode.c.h; path = "UIButton+WebCache.h"; sourceTree = "<group>"; };
		9C1286EF1B4BA649008714B7 /* UIButton+WebCache.m */ = {isa = PBXFileReference; fileEncoding = 4; lastKnownFileType = sourcecode.c.objc; path = "UIButton+WebCache.m"; sourceTree = "<group>"; };
		9C1286F01B4BA649008714B7 /* UIImage+GIF.h */ = {isa = PBXFileReference; fileEncoding = 4; lastKnownFileType = sourcecode.c.h; path = "UIImage+GIF.h"; sourceTree = "<group>"; };
		9C1286F11B4BA649008714B7 /* UIImage+GIF.m */ = {isa = PBXFileReference; fileEncoding = 4; lastKnownFileType = sourcecode.c.objc; path = "UIImage+GIF.m"; sourceTree = "<group>"; };
		9C1286F21B4BA649008714B7 /* UIImage+MultiFormat.h */ = {isa = PBXFileReference; fileEncoding = 4; lastKnownFileType = sourcecode.c.h; path = "UIImage+MultiFormat.h"; sourceTree = "<group>"; };
		9C1286F31B4BA649008714B7 /* UIImage+MultiFormat.m */ = {isa = PBXFileReference; fileEncoding = 4; lastKnownFileType = sourcecode.c.objc; path = "UIImage+MultiFormat.m"; sourceTree = "<group>"; };
		9C1286F41B4BA649008714B7 /* UIImage+WebP.h */ = {isa = PBXFileReference; fileEncoding = 4; lastKnownFileType = sourcecode.c.h; path = "UIImage+WebP.h"; sourceTree = "<group>"; };
		9C1286F51B4BA649008714B7 /* UIImage+WebP.m */ = {isa = PBXFileReference; fileEncoding = 4; lastKnownFileType = sourcecode.c.objc; path = "UIImage+WebP.m"; sourceTree = "<group>"; };
		9C1286F61B4BA649008714B7 /* UIImageView+HighlightedWebCache.h */ = {isa = PBXFileReference; fileEncoding = 4; lastKnownFileType = sourcecode.c.h; path = "UIImageView+HighlightedWebCache.h"; sourceTree = "<group>"; };
		9C1286F71B4BA649008714B7 /* UIImageView+HighlightedWebCache.m */ = {isa = PBXFileReference; fileEncoding = 4; lastKnownFileType = sourcecode.c.objc; path = "UIImageView+HighlightedWebCache.m"; sourceTree = "<group>"; };
		9C1286F81B4BA649008714B7 /* UIImageView+WebCache.h */ = {isa = PBXFileReference; fileEncoding = 4; lastKnownFileType = sourcecode.c.h; path = "UIImageView+WebCache.h"; sourceTree = "<group>"; };
		9C1286F91B4BA649008714B7 /* UIImageView+WebCache.m */ = {isa = PBXFileReference; fileEncoding = 4; lastKnownFileType = sourcecode.c.objc; path = "UIImageView+WebCache.m"; sourceTree = "<group>"; };
		9C1286FA1B4BA649008714B7 /* UIView+WebCacheOperation.h */ = {isa = PBXFileReference; fileEncoding = 4; lastKnownFileType = sourcecode.c.h; path = "UIView+WebCacheOperation.h"; sourceTree = "<group>"; };
		9C1286FB1B4BA649008714B7 /* UIView+WebCacheOperation.m */ = {isa = PBXFileReference; fileEncoding = 4; lastKnownFileType = sourcecode.c.objc; path = "UIView+WebCacheOperation.m"; sourceTree = "<group>"; };
		9C1286FE1B4BA649008714B7 /* UIImageView+Extension.h */ = {isa = PBXFileReference; fileEncoding = 4; lastKnownFileType = sourcecode.c.h; path = "UIImageView+Extension.h"; sourceTree = "<group>"; };
		9C1286FF1B4BA649008714B7 /* UIImageView+Extension.m */ = {isa = PBXFileReference; fileEncoding = 4; lastKnownFileType = sourcecode.c.objc; path = "UIImageView+Extension.m"; sourceTree = "<group>"; };
		9C1287001B4BA649008714B7 /* SXPictureCarousel.h */ = {isa = PBXFileReference; fileEncoding = 4; lastKnownFileType = sourcecode.c.h; path = SXPictureCarousel.h; sourceTree = "<group>"; };
		9C1287011B4BA649008714B7 /* SXPictureCarousel.m */ = {isa = PBXFileReference; fileEncoding = 4; lastKnownFileType = sourcecode.c.objc; path = SXPictureCarousel.m; sourceTree = "<group>"; };
		9C1287021B4BA649008714B7 /* SXPictureCarouselView.h */ = {isa = PBXFileReference; fileEncoding = 4; lastKnownFileType = sourcecode.c.h; path = SXPictureCarouselView.h; sourceTree = "<group>"; };
		9C1287031B4BA649008714B7 /* SXPictureCarouselView.m */ = {isa = PBXFileReference; fileEncoding = 4; lastKnownFileType = sourcecode.c.objc; path = SXPictureCarouselView.m; sourceTree = "<group>"; };
		9C1287041B4BA649008714B7 /* SXPictureCarouselViewCell.h */ = {isa = PBXFileReference; fileEncoding = 4; lastKnownFileType = sourcecode.c.h; path = SXPictureCarouselViewCell.h; sourceTree = "<group>"; };
		9C1287051B4BA649008714B7 /* SXPictureCarouselViewCell.m */ = {isa = PBXFileReference; fileEncoding = 4; lastKnownFileType = sourcecode.c.objc; path = SXPictureCarouselViewCell.m; sourceTree = "<group>"; };
		9C1287061B4BA649008714B7 /* SXPictureCarouselViewCell.xib */ = {isa = PBXFileReference; fileEncoding = 4; lastKnownFileType = file.xib; path = SXPictureCarouselViewCell.xib; sourceTree = "<group>"; };
/* End PBXFileReference section */

/* Begin PBXFrameworksBuildPhase section */
		9C1286AD1B4BA5CC008714B7 /* Frameworks */ = {
			isa = PBXFrameworksBuildPhase;
			buildActionMask = 2147483647;
			files = (
			);
			runOnlyForDeploymentPostprocessing = 0;
		};
		9C1286C61B4BA5CC008714B7 /* Frameworks */ = {
			isa = PBXFrameworksBuildPhase;
			buildActionMask = 2147483647;
			files = (
			);
			runOnlyForDeploymentPostprocessing = 0;
		};
/* End PBXFrameworksBuildPhase section */

/* Begin PBXGroup section */
		9C1286A71B4BA5CC008714B7 = {
			isa = PBXGroup;
			children = (
				9C1286B21B4BA5CC008714B7 /* SXPictureCarousel */,
				9C1286CC1B4BA5CC008714B7 /* SXPictureCarouselTests */,
				9C1286B11B4BA5CC008714B7 /* Products */,
			);
			sourceTree = "<group>";
		};
		9C1286B11B4BA5CC008714B7 /* Products */ = {
			isa = PBXGroup;
			children = (
				9C1286B01B4BA5CC008714B7 /* SXPictureCarousel.app */,
				9C1286C91B4BA5CC008714B7 /* SXPictureCarouselTests.xctest */,
			);
			name = Products;
			sourceTree = "<group>";
		};
		9C1286B21B4BA5CC008714B7 /* SXPictureCarousel */ = {
			isa = PBXGroup;
			children = (
				9C1286D91B4BA649008714B7 /* Library */,
				9C1286FC1B4BA649008714B7 /* SXPictureCarousel */,
				9C1286B71B4BA5CC008714B7 /* AppDelegate.h */,
				9C1286B81B4BA5CC008714B7 /* AppDelegate.m */,
				9C1286BA1B4BA5CC008714B7 /* ViewController.h */,
				9C1286BB1B4BA5CC008714B7 /* ViewController.m */,
				9C1286BD1B4BA5CC008714B7 /* Main.storyboard */,
				9C1286C01B4BA5CC008714B7 /* Images.xcassets */,
				9C1286C21B4BA5CC008714B7 /* LaunchScreen.xib */,
				9C1286B31B4BA5CC008714B7 /* Supporting Files */,
			);
			path = SXPictureCarousel;
			sourceTree = "<group>";
		};
		9C1286B31B4BA5CC008714B7 /* Supporting Files */ = {
			isa = PBXGroup;
			children = (
				9C1286B41B4BA5CC008714B7 /* Info.plist */,
				9C1286B51B4BA5CC008714B7 /* main.m */,
			);
			name = "Supporting Files";
			sourceTree = "<group>";
		};
		9C1286CC1B4BA5CC008714B7 /* SXPictureCarouselTests */ = {
			isa = PBXGroup;
			children = (
				9C1286CF1B4BA5CC008714B7 /* SXPictureCarouselTests.m */,
				9C1286CD1B4BA5CC008714B7 /* Supporting Files */,
			);
			path = SXPictureCarouselTests;
			sourceTree = "<group>";
		};
		9C1286CD1B4BA5CC008714B7 /* Supporting Files */ = {
			isa = PBXGroup;
			children = (
				9C1286CE1B4BA5CC008714B7 /* Info.plist */,
			);
			name = "Supporting Files";
			sourceTree = "<group>";
		};
		9C1286D91B4BA649008714B7 /* Library */ = {
			isa = PBXGroup;
			children = (
				9C1286DA1B4BA649008714B7 /* SDWebImage */,
			);
			path = Library;
			sourceTree = "<group>";
		};
		9C1286DA1B4BA649008714B7 /* SDWebImage */ = {
			isa = PBXGroup;
			children = (
				9C1286DB1B4BA649008714B7 /* MKAnnotationView+WebCache.h */,
				9C1286DC1B4BA649008714B7 /* MKAnnotationView+WebCache.m */,
				9C1286DD1B4BA649008714B7 /* NSData+ImageContentType.h */,
				9C1286DE1B4BA649008714B7 /* NSData+ImageContentType.m */,
				9C1286DF1B4BA649008714B7 /* SDImageCache.h */,
				9C1286E01B4BA649008714B7 /* SDImageCache.m */,
				9C1286E11B4BA649008714B7 /* SDWebImageCompat.h */,
				9C1286E21B4BA649008714B7 /* SDWebImageCompat.m */,
				9C1286E31B4BA649008714B7 /* SDWebImageDecoder.h */,
				9C1286E41B4BA649008714B7 /* SDWebImageDecoder.m */,
				9C1286E51B4BA649008714B7 /* SDWebImageDownloader.h */,
				9C1286E61B4BA649008714B7 /* SDWebImageDownloader.m */,
				9C1286E71B4BA649008714B7 /* SDWebImageDownloaderOperation.h */,
				9C1286E81B4BA649008714B7 /* SDWebImageDownloaderOperation.m */,
				9C1286E91B4BA649008714B7 /* SDWebImageManager.h */,
				9C1286EA1B4BA649008714B7 /* SDWebImageManager.m */,
				9C1286EB1B4BA649008714B7 /* SDWebImageOperation.h */,
				9C1286EC1B4BA649008714B7 /* SDWebImagePrefetcher.h */,
				9C1286ED1B4BA649008714B7 /* SDWebImagePrefetcher.m */,
				9C1286EE1B4BA649008714B7 /* UIButton+WebCache.h */,
				9C1286EF1B4BA649008714B7 /* UIButton+WebCache.m */,
				9C1286F01B4BA649008714B7 /* UIImage+GIF.h */,
				9C1286F11B4BA649008714B7 /* UIImage+GIF.m */,
				9C1286F21B4BA649008714B7 /* UIImage+MultiFormat.h */,
				9C1286F31B4BA649008714B7 /* UIImage+MultiFormat.m */,
				9C1286F41B4BA649008714B7 /* UIImage+WebP.h */,
				9C1286F51B4BA649008714B7 /* UIImage+WebP.m */,
				9C1286F61B4BA649008714B7 /* UIImageView+HighlightedWebCache.h */,
				9C1286F71B4BA649008714B7 /* UIImageView+HighlightedWebCache.m */,
				9C1286F81B4BA649008714B7 /* UIImageView+WebCache.h */,
				9C1286F91B4BA649008714B7 /* UIImageView+WebCache.m */,
				9C1286FA1B4BA649008714B7 /* UIView+WebCacheOperation.h */,
				9C1286FB1B4BA649008714B7 /* UIView+WebCacheOperation.m */,
			);
			path = SDWebImage;
			sourceTree = "<group>";
		};
		9C1286FC1B4BA649008714B7 /* SXPictureCarousel */ = {
			isa = PBXGroup;
			children = (
				9C1286FD1B4BA649008714B7 /* Category */,
				9C1287001B4BA649008714B7 /* SXPictureCarousel.h */,
				9C1287011B4BA649008714B7 /* SXPictureCarousel.m */,
				9C1287021B4BA649008714B7 /* SXPictureCarouselView.h */,
				9C1287031B4BA649008714B7 /* SXPictureCarouselView.m */,
				9C1287041B4BA649008714B7 /* SXPictureCarouselViewCell.h */,
				9C1287051B4BA649008714B7 /* SXPictureCarouselViewCell.m */,
				9C1287061B4BA649008714B7 /* SXPictureCarouselViewCell.xib */,
			);
			path = SXPictureCarousel;
			sourceTree = "<group>";
		};
		9C1286FD1B4BA649008714B7 /* Category */ = {
			isa = PBXGroup;
			children = (
				9C1286FE1B4BA649008714B7 /* UIImageView+Extension.h */,
				9C1286FF1B4BA649008714B7 /* UIImageView+Extension.m */,
			);
			path = Category;
			sourceTree = "<group>";
		};
/* End PBXGroup section */

/* Begin PBXNativeTarget section */
		9C1286AF1B4BA5CC008714B7 /* SXPictureCarousel */ = {
			isa = PBXNativeTarget;
			buildConfigurationList = 9C1286D31B4BA5CC008714B7 /* Build configuration list for PBXNativeTarget "SXPictureCarousel" */;
			buildPhases = (
				9C1286AC1B4BA5CC008714B7 /* Sources */,
				9C1286AD1B4BA5CC008714B7 /* Frameworks */,
				9C1286AE1B4BA5CC008714B7 /* Resources */,
			);
			buildRules = (
			);
			dependencies = (
			);
			name = SXPictureCarousel;
			productName = SXPictureCarousel;
			productReference = 9C1286B01B4BA5CC008714B7 /* SXPictureCarousel.app */;
			productType = "com.apple.product-type.application";
		};
		9C1286C81B4BA5CC008714B7 /* SXPictureCarouselTests */ = {
			isa = PBXNativeTarget;
			buildConfigurationList = 9C1286D61B4BA5CC008714B7 /* Build configuration list for PBXNativeTarget "SXPictureCarouselTests" */;
			buildPhases = (
				9C1286C51B4BA5CC008714B7 /* Sources */,
				9C1286C61B4BA5CC008714B7 /* Frameworks */,
				9C1286C71B4BA5CC008714B7 /* Resources */,
			);
			buildRules = (
			);
			dependencies = (
				9C1286CB1B4BA5CC008714B7 /* PBXTargetDependency */,
			);
			name = SXPictureCarouselTests;
			productName = SXPictureCarouselTests;
			productReference = 9C1286C91B4BA5CC008714B7 /* SXPictureCarouselTests.xctest */;
			productType = "com.apple.product-type.bundle.unit-test";
		};
/* End PBXNativeTarget section */

/* Begin PBXProject section */
		9C1286A81B4BA5CC008714B7 /* Project object */ = {
			isa = PBXProject;
			attributes = {
				LastUpgradeCheck = 0640;
				ORGANIZATIONNAME = "Coder Shoryon";
				TargetAttributes = {
					9C1286AF1B4BA5CC008714B7 = {
						CreatedOnToolsVersion = 6.4;
					};
					9C1286C81B4BA5CC008714B7 = {
						CreatedOnToolsVersion = 6.4;
						TestTargetID = 9C1286AF1B4BA5CC008714B7;
					};
				};
			};
			buildConfigurationList = 9C1286AB1B4BA5CC008714B7 /* Build configuration list for PBXProject "SXPictureCarousel" */;
			compatibilityVersion = "Xcode 3.2";
			developmentRegion = English;
			hasScannedForEncodings = 0;
			knownRegions = (
				en,
				Base,
			);
			mainGroup = 9C1286A71B4BA5CC008714B7;
			productRefGroup = 9C1286B11B4BA5CC008714B7 /* Products */;
			projectDirPath = "";
			projectRoot = "";
			targets = (
				9C1286AF1B4BA5CC008714B7 /* SXPictureCarousel */,
				9C1286C81B4BA5CC008714B7 /* SXPictureCarouselTests */,
			);
		};
/* End PBXProject section */

/* Begin PBXResourcesBuildPhase section */
		9C1286AE1B4BA5CC008714B7 /* Resources */ = {
			isa = PBXResourcesBuildPhase;
			buildActionMask = 2147483647;
			files = (
				9C1286BF1B4BA5CC008714B7 /* Main.storyboard in Resources */,
				9C1286C41B4BA5CC008714B7 /* LaunchScreen.xib in Resources */,
				9C12871B1B4BA649008714B7 /* SXPictureCarouselViewCell.xib in Resources */,
				9C1286C11B4BA5CC008714B7 /* Images.xcassets in Resources */,
			);
			runOnlyForDeploymentPostprocessing = 0;
		};
		9C1286C71B4BA5CC008714B7 /* Resources */ = {
			isa = PBXResourcesBuildPhase;
			buildActionMask = 2147483647;
			files = (
			);
			runOnlyForDeploymentPostprocessing = 0;
		};
/* End PBXResourcesBuildPhase section */

/* Begin PBXSourcesBuildPhase section */
		9C1286AC1B4BA5CC008714B7 /* Sources */ = {
			isa = PBXSourcesBuildPhase;
			buildActionMask = 2147483647;
			files = (
				9C1287141B4BA649008714B7 /* UIImageView+HighlightedWebCache.m in Sources */,
				9C1287081B4BA649008714B7 /* NSData+ImageContentType.m in Sources */,
				9C12870E1B4BA649008714B7 /* SDWebImageManager.m in Sources */,
				9C12870C1B4BA649008714B7 /* SDWebImageDownloader.m in Sources */,
				9C1287131B4BA649008714B7 /* UIImage+WebP.m in Sources */,
				9C1287161B4BA649008714B7 /* UIView+WebCacheOperation.m in Sources */,
				9C1287091B4BA649008714B7 /* SDImageCache.m in Sources */,
				9C1286BC1B4BA5CC008714B7 /* ViewController.m in Sources */,
				9C1287071B4BA649008714B7 /* MKAnnotationView+WebCache.m in Sources */,
				9C12870B1B4BA649008714B7 /* SDWebImageDecoder.m in Sources */,
				9C1287121B4BA649008714B7 /* UIImage+MultiFormat.m in Sources */,
				9C12870D1B4BA649008714B7 /* SDWebImageDownloaderOperation.m in Sources */,
				9C1286B91B4BA5CC008714B7 /* AppDelegate.m in Sources */,
				9C1287101B4BA649008714B7 /* UIButton+WebCache.m in Sources */,
				9C12871A1B4BA649008714B7 /* SXPictureCarouselViewCell.m in Sources */,
				9C1287191B4BA649008714B7 /* SXPictureCarouselView.m in Sources */,
				9C1287171B4BA649008714B7 /* UIImageView+Extension.m in Sources */,
				9C12870F1B4BA649008714B7 /* SDWebImagePrefetcher.m in Sources */,
				9C1287181B4BA649008714B7 /* SXPictureCarousel.m in Sources */,
				9C1287151B4BA649008714B7 /* UIImageView+WebCache.m in Sources */,
				9C12870A1B4BA649008714B7 /* SDWebImageCompat.m in Sources */,
				9C1287111B4BA649008714B7 /* UIImage+GIF.m in Sources */,
				9C1286B61B4BA5CC008714B7 /* main.m in Sources */,
			);
			runOnlyForDeploymentPostprocessing = 0;
		};
		9C1286C51B4BA5CC008714B7 /* Sources */ = {
			isa = PBXSourcesBuildPhase;
			buildActionMask = 2147483647;
			files = (
				9C1286D01B4BA5CC008714B7 /* SXPictureCarouselTests.m in Sources */,
			);
			runOnlyForDeploymentPostprocessing = 0;
		};
/* End PBXSourcesBuildPhase section */

/* Begin PBXTargetDependency section */
		9C1286CB1B4BA5CC008714B7 /* PBXTargetDependency */ = {
			isa = PBXTargetDependency;
			target = 9C1286AF1B4BA5CC008714B7 /* SXPictureCarousel */;
			targetProxy = 9C1286CA1B4BA5CC008714B7 /* PBXContainerItemProxy */;
		};
/* End PBXTargetDependency section */

/* Begin PBXVariantGroup section */
		9C1286BD1B4BA5CC008714B7 /* Main.storyboard */ = {
			isa = PBXVariantGroup;
			children = (
				9C1286BE1B4BA5CC008714B7 /* Base */,
			);
			name = Main.storyboard;
			sourceTree = "<group>";
		};
		9C1286C21B4BA5CC008714B7 /* LaunchScreen.xib */ = {
			isa = PBXVariantGroup;
			children = (
				9C1286C31B4BA5CC008714B7 /* Base */,
			);
			name = LaunchScreen.xib;
			sourceTree = "<group>";
		};
/* End PBXVariantGroup section */

/* Begin XCBuildConfiguration section */
		9C1286D11B4BA5CC008714B7 /* Debug */ = {
			isa = XCBuildConfiguration;
			buildSettings = {
				ALWAYS_SEARCH_USER_PATHS = NO;
				CLANG_CXX_LANGUAGE_STANDARD = "gnu++0x";
				CLANG_CXX_LIBRARY = "libc++";
				CLANG_ENABLE_MODULES = YES;
				CLANG_ENABLE_OBJC_ARC = YES;
				CLANG_WARN_BOOL_CONVERSION = YES;
				CLANG_WARN_CONSTANT_CONVERSION = YES;
				CLANG_WARN_DIRECT_OBJC_ISA_USAGE = YES_ERROR;
				CLANG_WARN_EMPTY_BODY = YES;
				CLANG_WARN_ENUM_CONVERSION = YES;
				CLANG_WARN_INT_CONVERSION = YES;
				CLANG_WARN_OBJC_ROOT_CLASS = YES_ERROR;
				CLANG_WARN_UNREACHABLE_CODE = YES;
				CLANG_WARN__DUPLICATE_METHOD_MATCH = YES;
				"CODE_SIGN_IDENTITY[sdk=iphoneos*]" = "iPhone Developer";
				COPY_PHASE_STRIP = NO;
				DEBUG_INFORMATION_FORMAT = "dwarf-with-dsym";
				ENABLE_STRICT_OBJC_MSGSEND = YES;
				GCC_C_LANGUAGE_STANDARD = gnu99;
				GCC_DYNAMIC_NO_PIC = NO;
				GCC_NO_COMMON_BLOCKS = YES;
				GCC_OPTIMIZATION_LEVEL = 0;
				GCC_PREPROCESSOR_DEFINITIONS = (
					"DEBUG=1",
					"$(inherited)",
				);
				GCC_SYMBOLS_PRIVATE_EXTERN = NO;
				GCC_WARN_64_TO_32_BIT_CONVERSION = YES;
				GCC_WARN_ABOUT_RETURN_TYPE = YES_ERROR;
				GCC_WARN_UNDECLARED_SELECTOR = YES;
				GCC_WARN_UNINITIALIZED_AUTOS = YES_AGGRESSIVE;
				GCC_WARN_UNUSED_FUNCTION = YES;
				GCC_WARN_UNUSED_VARIABLE = YES;
				IPHONEOS_DEPLOYMENT_TARGET = 8.4;
				MTL_ENABLE_DEBUG_INFO = YES;
				ONLY_ACTIVE_ARCH = YES;
				SDKROOT = iphoneos;
			};
			name = Debug;
		};
		9C1286D21B4BA5CC008714B7 /* Release */ = {
			isa = XCBuildConfiguration;
			buildSettings = {
				ALWAYS_SEARCH_USER_PATHS = NO;
				CLANG_CXX_LANGUAGE_STANDARD = "gnu++0x";
				CLANG_CXX_LIBRARY = "libc++";
				CLANG_ENABLE_MODULES = YES;
				CLANG_ENABLE_OBJC_ARC = YES;
				CLANG_WARN_BOOL_CONVERSION = YES;
				CLANG_WARN_CONSTANT_CONVERSION = YES;
				CLANG_WARN_DIRECT_OBJC_ISA_USAGE = YES_ERROR;
				CLANG_WARN_EMPTY_BODY = YES;
				CLANG_WARN_ENUM_CONVERSION = YES;
				CLANG_WARN_INT_CONVERSION = YES;
				CLANG_WARN_OBJC_ROOT_CLASS = YES_ERROR;
				CLANG_WARN_UNREACHABLE_CODE = YES;
				CLANG_WARN__DUPLICATE_METHOD_MATCH = YES;
				"CODE_SIGN_IDENTITY[sdk=iphoneos*]" = "iPhone Developer";
				COPY_PHASE_STRIP = NO;
				DEBUG_INFORMATION_FORMAT = "dwarf-with-dsym";
				ENABLE_NS_ASSERTIONS = NO;
				ENABLE_STRICT_OBJC_MSGSEND = YES;
				GCC_C_LANGUAGE_STANDARD = gnu99;
				GCC_NO_COMMON_BLOCKS = YES;
				GCC_WARN_64_TO_32_BIT_CONVERSION = YES;
				GCC_WARN_ABOUT_RETURN_TYPE = YES_ERROR;
				GCC_WARN_UNDECLARED_SELECTOR = YES;
				GCC_WARN_UNINITIALIZED_AUTOS = YES_AGGRESSIVE;
				GCC_WARN_UNUSED_FUNCTION = YES;
				GCC_WARN_UNUSED_VARIABLE = YES;
				IPHONEOS_DEPLOYMENT_TARGET = 8.4;
				MTL_ENABLE_DEBUG_INFO = NO;
				SDKROOT = iphoneos;
				VALIDATE_PRODUCT = YES;
			};
			name = Release;
		};
		9C1286D41B4BA5CC008714B7 /* Debug */ = {
			isa = XCBuildConfiguration;
			buildSettings = {
				ASSETCATALOG_COMPILER_APPICON_NAME = AppIcon;
				INFOPLIST_FILE = SXPictureCarousel/Info.plist;
				IPHONEOS_DEPLOYMENT_TARGET = 7.1;
				LD_RUNPATH_SEARCH_PATHS = "$(inherited) @executable_path/Frameworks";
				PRODUCT_NAME = "$(TARGET_NAME)";
			};
			name = Debug;
		};
		9C1286D51B4BA5CC008714B7 /* Release */ = {
			isa = XCBuildConfiguration;
			buildSettings = {
				ASSETCATALOG_COMPILER_APPICON_NAME = AppIcon;
				INFOPLIST_FILE = SXPictureCarousel/Info.plist;
				IPHONEOS_DEPLOYMENT_TARGET = 7.1;
				LD_RUNPATH_SEARCH_PATHS = "$(inherited) @executable_path/Frameworks";
				PRODUCT_NAME = "$(TARGET_NAME)";
			};
			name = Release;
		};
		9C1286D71B4BA5CC008714B7 /* Debug */ = {
			isa = XCBuildConfiguration;
			buildSettings = {
				BUNDLE_LOADER = "$(TEST_HOST)";
				FRAMEWORK_SEARCH_PATHS = (
					"$(SDKROOT)/Developer/Library/Frameworks",
					"$(inherited)",
				);
				GCC_PREPROCESSOR_DEFINITIONS = (
					"DEBUG=1",
					"$(inherited)",
				);
				INFOPLIST_FILE = SXPictureCarouselTests/Info.plist;
				LD_RUNPATH_SEARCH_PATHS = "$(inherited) @executable_path/Frameworks @loader_path/Frameworks";
				PRODUCT_NAME = "$(TARGET_NAME)";
				TEST_HOST = "$(BUILT_PRODUCTS_DIR)/SXPictureCarousel.app/SXPictureCarousel";
			};
			name = Debug;
		};
		9C1286D81B4BA5CC008714B7 /* Release */ = {
			isa = XCBuildConfiguration;
			buildSettings = {
				BUNDLE_LOADER = "$(TEST_HOST)";
				FRAMEWORK_SEARCH_PATHS = (
					"$(SDKROOT)/Developer/Library/Frameworks",
					"$(inherited)",
				);
				INFOPLIST_FILE = SXPictureCarouselTests/Info.plist;
				LD_RUNPATH_SEARCH_PATHS = "$(inherited) @executable_path/Frameworks @loader_path/Frameworks";
				PRODUCT_NAME = "$(TARGET_NAME)";
				TEST_HOST = "$(BUILT_PRODUCTS_DIR)/SXPictureCarousel.app/SXPictureCarousel";
			};
			name = Release;
		};
/* End XCBuildConfiguration section */

/* Begin XCConfigurationList section */
		9C1286AB1B4BA5CC008714B7 /* Build configuration list for PBXProject "SXPictureCarousel" */ = {
			isa = XCConfigurationList;
			buildConfigurations = (
				9C1286D11B4BA5CC008714B7 /* Debug */,
				9C1286D21B4BA5CC008714B7 /* Release */,
			);
			defaultConfigurationIsVisible = 0;
			defaultConfigurationName = Release;
		};
		9C1286D31B4BA5CC008714B7 /* Build configuration list for PBXNativeTarget "SXPictureCarousel" */ = {
			isa = XCConfigurationList;
			buildConfigurations = (
				9C1286D41B4BA5CC008714B7 /* Debug */,
				9C1286D51B4BA5CC008714B7 /* Release */,
			);
			defaultConfigurationIsVisible = 0;
			defaultConfigurationName = Release;
		};
		9C1286D61B4BA5CC008714B7 /* Build configuration list for PBXNativeTarget "SXPictureCarouselTests" */ = {
			isa = XCConfigurationList;
			buildConfigurations = (
				9C1286D71B4BA5CC008714B7 /* Debug */,
				9C1286D81B4BA5CC008714B7 /* Release */,
			);
			defaultConfigurationIsVisible = 0;
			defaultConfigurationName = Release;
		};
/* End XCConfigurationList section */
	};
	rootObject = 9C1286A81B4BA5CC008714B7 /* Project object */;
}
